// !$*UTF8*$!
{
	archiveVersion = 1;
	classes = {
	};
	objectVersion = 50;
	objects = {

/* Begin PBXBuildFile section */
		5914705A23845E7100004A18 /* ItemController.swift in Sources */ = {isa = PBXBuildFile; fileRef = 5914705923845E7100004A18 /* ItemController.swift */; };
		5914705C238467A700004A18 /* ItemControllerTests.swift in Sources */ = {isa = PBXBuildFile; fileRef = 5914705B238467A700004A18 /* ItemControllerTests.swift */; };
		5914705E2384A02600004A18 /* Bearer.swift in Sources */ = {isa = PBXBuildFile; fileRef = 5914705D2384A02600004A18 /* Bearer.swift */; };
		595D60632386F8AE00D8A61B /* SignUpUser.swift in Sources */ = {isa = PBXBuildFile; fileRef = 595D60622386F8AE00D8A61B /* SignUpUser.swift */; };
		595D60652386FA5E00D8A61B /* SignInResponse.swift in Sources */ = {isa = PBXBuildFile; fileRef = 595D60642386FA5E00D8A61B /* SignInResponse.swift */; };
		595D606723871A7E00D8A61B /* UserDetails.swift in Sources */ = {isa = PBXBuildFile; fileRef = 595D606623871A7D00D8A61B /* UserDetails.swift */; };
		598069982383529E0014493C /* UserController.swift in Sources */ = {isa = PBXBuildFile; fileRef = 598069972383529E0014493C /* UserController.swift */; };
		5980699A23835E770014493C /* NetworkingController.swift in Sources */ = {isa = PBXBuildFile; fileRef = 5980699923835E770014493C /* NetworkingController.swift */; };
		5980699D23835F6F0014493C /* NetworkDataLoader.swift in Sources */ = {isa = PBXBuildFile; fileRef = 5980699C23835F6F0014493C /* NetworkDataLoader.swift */; };
		5980699F23835FBE0014493C /* URLSession+NetworkDataLoader.swift in Sources */ = {isa = PBXBuildFile; fileRef = 5980699E23835FBE0014493C /* URLSession+NetworkDataLoader.swift */; };
		598069AF2383845E0014493C /* NetworkingControllerTests.swift in Sources */ = {isa = PBXBuildFile; fileRef = 598069AE2383845E0014493C /* NetworkingControllerTests.swift */; };
		598069B1238384A00014493C /* MockLoader.swift in Sources */ = {isa = PBXBuildFile; fileRef = 598069B0238384A00014493C /* MockLoader.swift */; };
		598069B3238384FF0014493C /* TestJSON.swift in Sources */ = {isa = PBXBuildFile; fileRef = 598069B2238384FF0014493C /* TestJSON.swift */; };
		5995D16B238316F3006F6404 /* AppDelegate.swift in Sources */ = {isa = PBXBuildFile; fileRef = 5995D16A238316F3006F6404 /* AppDelegate.swift */; };
		5995D16D238316F3006F6404 /* SceneDelegate.swift in Sources */ = {isa = PBXBuildFile; fileRef = 5995D16C238316F3006F6404 /* SceneDelegate.swift */; };
		5995D172238316F3006F6404 /* Main.storyboard in Resources */ = {isa = PBXBuildFile; fileRef = 5995D170238316F3006F6404 /* Main.storyboard */; };
		5995D175238316F3006F6404 /* Lendr.xcdatamodeld in Sources */ = {isa = PBXBuildFile; fileRef = 5995D173238316F3006F6404 /* Lendr.xcdatamodeld */; };
		5995D177238316F6006F6404 /* Assets.xcassets in Resources */ = {isa = PBXBuildFile; fileRef = 5995D176238316F6006F6404 /* Assets.xcassets */; };
		5995D17A238316F6006F6404 /* LaunchScreen.storyboard in Resources */ = {isa = PBXBuildFile; fileRef = 5995D178238316F6006F6404 /* LaunchScreen.storyboard */; };
		5995D1832383184C006F6404 /* CoreDataStack.swift in Sources */ = {isa = PBXBuildFile; fileRef = 5995D1822383184C006F6404 /* CoreDataStack.swift */; };
		5995D185238318A5006F6404 /* Lendr+Convenience.swift in Sources */ = {isa = PBXBuildFile; fileRef = 5995D184238318A5006F6404 /* Lendr+Convenience.swift */; };
		5995D18723831A4F006F6404 /* UserRepresentation.swift in Sources */ = {isa = PBXBuildFile; fileRef = 5995D18623831A4F006F6404 /* UserRepresentation.swift */; };
		5995D18923831A9B006F6404 /* ItemRepresentation.swift in Sources */ = {isa = PBXBuildFile; fileRef = 5995D18823831A9B006F6404 /* ItemRepresentation.swift */; };
		E9C068B523862C4A00AD8E33 /* UserInventoryViewController.swift in Sources */ = {isa = PBXBuildFile; fileRef = E9C068B423862C4A00AD8E33 /* UserInventoryViewController.swift */; };
		E9C068B723863EC700AD8E33 /* CreateItemViewController.swift in Sources */ = {isa = PBXBuildFile; fileRef = E9C068B623863EC700AD8E33 /* CreateItemViewController.swift */; };
		E9C068BB2387950700AD8E33 /* ItemTableViewCell.swift in Sources */ = {isa = PBXBuildFile; fileRef = E9C068BA2387950700AD8E33 /* ItemTableViewCell.swift */; };
		E9D8082623860E1400754F70 /* ItemDetailViewController.swift in Sources */ = {isa = PBXBuildFile; fileRef = E9D8082523860E1400754F70 /* ItemDetailViewController.swift */; };
/* End PBXBuildFile section */

/* Begin PBXContainerItemProxy section */
		598069A9238383F70014493C /* PBXContainerItemProxy */ = {
			isa = PBXContainerItemProxy;
			containerPortal = 5995D15F238316F3006F6404 /* Project object */;
			proxyType = 1;
			remoteGlobalIDString = 5995D166238316F3006F6404;
			remoteInfo = Lendr;
		};
/* End PBXContainerItemProxy section */

/* Begin PBXFileReference section */
		5914705923845E7100004A18 /* ItemController.swift */ = {isa = PBXFileReference; lastKnownFileType = sourcecode.swift; path = ItemController.swift; sourceTree = "<group>"; };
		5914705B238467A700004A18 /* ItemControllerTests.swift */ = {isa = PBXFileReference; lastKnownFileType = sourcecode.swift; path = ItemControllerTests.swift; sourceTree = "<group>"; };
		5914705D2384A02600004A18 /* Bearer.swift */ = {isa = PBXFileReference; lastKnownFileType = sourcecode.swift; path = Bearer.swift; sourceTree = "<group>"; };
		595D60622386F8AE00D8A61B /* SignUpUser.swift */ = {isa = PBXFileReference; lastKnownFileType = sourcecode.swift; path = SignUpUser.swift; sourceTree = "<group>"; };
		595D60642386FA5E00D8A61B /* SignInResponse.swift */ = {isa = PBXFileReference; lastKnownFileType = sourcecode.swift; path = SignInResponse.swift; sourceTree = "<group>"; };
		595D606623871A7D00D8A61B /* UserDetails.swift */ = {isa = PBXFileReference; lastKnownFileType = sourcecode.swift; path = UserDetails.swift; sourceTree = "<group>"; };
		598069972383529E0014493C /* UserController.swift */ = {isa = PBXFileReference; lastKnownFileType = sourcecode.swift; path = UserController.swift; sourceTree = "<group>"; };
		5980699923835E770014493C /* NetworkingController.swift */ = {isa = PBXFileReference; lastKnownFileType = sourcecode.swift; path = NetworkingController.swift; sourceTree = "<group>"; };
		5980699C23835F6F0014493C /* NetworkDataLoader.swift */ = {isa = PBXFileReference; lastKnownFileType = sourcecode.swift; path = NetworkDataLoader.swift; sourceTree = "<group>"; };
		5980699E23835FBE0014493C /* URLSession+NetworkDataLoader.swift */ = {isa = PBXFileReference; lastKnownFileType = sourcecode.swift; path = "URLSession+NetworkDataLoader.swift"; sourceTree = "<group>"; };
		598069A4238383F70014493C /* LendrTests.xctest */ = {isa = PBXFileReference; explicitFileType = wrapper.cfbundle; includeInIndex = 0; path = LendrTests.xctest; sourceTree = BUILT_PRODUCTS_DIR; };
		598069A8238383F70014493C /* Info.plist */ = {isa = PBXFileReference; lastKnownFileType = text.plist.xml; path = Info.plist; sourceTree = "<group>"; };
		598069AE2383845E0014493C /* NetworkingControllerTests.swift */ = {isa = PBXFileReference; lastKnownFileType = sourcecode.swift; path = NetworkingControllerTests.swift; sourceTree = "<group>"; };
		598069B0238384A00014493C /* MockLoader.swift */ = {isa = PBXFileReference; lastKnownFileType = sourcecode.swift; path = MockLoader.swift; sourceTree = "<group>"; };
		598069B2238384FF0014493C /* TestJSON.swift */ = {isa = PBXFileReference; lastKnownFileType = sourcecode.swift; path = TestJSON.swift; sourceTree = "<group>"; };
		5995D167238316F3006F6404 /* Lendr.app */ = {isa = PBXFileReference; explicitFileType = wrapper.application; includeInIndex = 0; path = Lendr.app; sourceTree = BUILT_PRODUCTS_DIR; };
		5995D16A238316F3006F6404 /* AppDelegate.swift */ = {isa = PBXFileReference; lastKnownFileType = sourcecode.swift; path = AppDelegate.swift; sourceTree = "<group>"; };
		5995D16C238316F3006F6404 /* SceneDelegate.swift */ = {isa = PBXFileReference; lastKnownFileType = sourcecode.swift; path = SceneDelegate.swift; sourceTree = "<group>"; };
		5995D171238316F3006F6404 /* Base */ = {isa = PBXFileReference; lastKnownFileType = file.storyboard; name = Base; path = Base.lproj/Main.storyboard; sourceTree = "<group>"; };
		5995D174238316F3006F6404 /* Lendr.xcdatamodel */ = {isa = PBXFileReference; lastKnownFileType = wrapper.xcdatamodel; path = Lendr.xcdatamodel; sourceTree = "<group>"; };
		5995D176238316F6006F6404 /* Assets.xcassets */ = {isa = PBXFileReference; lastKnownFileType = folder.assetcatalog; path = Assets.xcassets; sourceTree = "<group>"; };
		5995D179238316F6006F6404 /* Base */ = {isa = PBXFileReference; lastKnownFileType = file.storyboard; name = Base; path = Base.lproj/LaunchScreen.storyboard; sourceTree = "<group>"; };
		5995D17B238316F6006F6404 /* Info.plist */ = {isa = PBXFileReference; lastKnownFileType = text.plist.xml; path = Info.plist; sourceTree = "<group>"; };
		5995D1822383184C006F6404 /* CoreDataStack.swift */ = {isa = PBXFileReference; lastKnownFileType = sourcecode.swift; path = CoreDataStack.swift; sourceTree = "<group>"; };
		5995D184238318A5006F6404 /* Lendr+Convenience.swift */ = {isa = PBXFileReference; lastKnownFileType = sourcecode.swift; path = "Lendr+Convenience.swift"; sourceTree = "<group>"; };
		5995D18623831A4F006F6404 /* UserRepresentation.swift */ = {isa = PBXFileReference; lastKnownFileType = sourcecode.swift; path = UserRepresentation.swift; sourceTree = "<group>"; };
		5995D18823831A9B006F6404 /* ItemRepresentation.swift */ = {isa = PBXFileReference; lastKnownFileType = sourcecode.swift; path = ItemRepresentation.swift; sourceTree = "<group>"; };
		E9C068B423862C4A00AD8E33 /* UserInventoryViewController.swift */ = {isa = PBXFileReference; lastKnownFileType = sourcecode.swift; path = UserInventoryViewController.swift; sourceTree = "<group>"; };
		E9C068B623863EC700AD8E33 /* CreateItemViewController.swift */ = {isa = PBXFileReference; lastKnownFileType = sourcecode.swift; path = CreateItemViewController.swift; sourceTree = "<group>"; };
		E9C068BA2387950700AD8E33 /* ItemTableViewCell.swift */ = {isa = PBXFileReference; lastKnownFileType = sourcecode.swift; path = ItemTableViewCell.swift; sourceTree = "<group>"; };
		E9D8082523860E1400754F70 /* ItemDetailViewController.swift */ = {isa = PBXFileReference; lastKnownFileType = sourcecode.swift; path = ItemDetailViewController.swift; sourceTree = "<group>"; };
/* End PBXFileReference section */

/* Begin PBXFrameworksBuildPhase section */
		598069A1238383F70014493C /* Frameworks */ = {
			isa = PBXFrameworksBuildPhase;
			buildActionMask = 2147483647;
			files = (
			);
			runOnlyForDeploymentPostprocessing = 0;
		};
		5995D164238316F3006F6404 /* Frameworks */ = {
			isa = PBXFrameworksBuildPhase;
			buildActionMask = 2147483647;
			files = (
			);
			runOnlyForDeploymentPostprocessing = 0;
		};
/* End PBXFrameworksBuildPhase section */

/* Begin PBXGroup section */
		59806996238352700014493C /* Model Controllers */ = {
			isa = PBXGroup;
			children = (
				598069972383529E0014493C /* UserController.swift */,
				5980699923835E770014493C /* NetworkingController.swift */,
				5914705923845E7100004A18 /* ItemController.swift */,
			);
			path = "Model Controllers";
			sourceTree = "<group>";
		};
		5980699B23835F5A0014493C /* Utilities */ = {
			isa = PBXGroup;
			children = (
				5980699C23835F6F0014493C /* NetworkDataLoader.swift */,
				5980699E23835FBE0014493C /* URLSession+NetworkDataLoader.swift */,
			);
			path = Utilities;
			sourceTree = "<group>";
		};
		598069A5238383F70014493C /* LendrTests */ = {
			isa = PBXGroup;
			children = (
				598069A8238383F70014493C /* Info.plist */,
				598069AE2383845E0014493C /* NetworkingControllerTests.swift */,
				5914705B238467A700004A18 /* ItemControllerTests.swift */,
				598069B0238384A00014493C /* MockLoader.swift */,
				598069B2238384FF0014493C /* TestJSON.swift */,
			);
			path = LendrTests;
			sourceTree = "<group>";
		};
		5995D15E238316F3006F6404 = {
			isa = PBXGroup;
			children = (
				5995D169238316F3006F6404 /* Lendr */,
				598069A5238383F70014493C /* LendrTests */,
				5995D168238316F3006F6404 /* Products */,
			);
			sourceTree = "<group>";
		};
		5995D168238316F3006F6404 /* Products */ = {
			isa = PBXGroup;
			children = (
				5995D167238316F3006F6404 /* Lendr.app */,
				598069A4238383F70014493C /* LendrTests.xctest */,
			);
			name = Products;
			sourceTree = "<group>";
		};
		5995D169238316F3006F6404 /* Lendr */ = {
			isa = PBXGroup;
			children = (
				5995D16A238316F3006F6404 /* AppDelegate.swift */,
				5995D16C238316F3006F6404 /* SceneDelegate.swift */,
				E97C60F82384B00D00232701 /* View Controllers */,
				5995D170238316F3006F6404 /* Main.storyboard */,
				5995D176238316F6006F6404 /* Assets.xcassets */,
				5995D178238316F6006F6404 /* LaunchScreen.storyboard */,
				5995D17B238316F6006F6404 /* Info.plist */,
				5995D1812383181F006F6404 /* Model */,
				59806996238352700014493C /* Model Controllers */,
				5980699B23835F5A0014493C /* Utilities */,
			);
			path = Lendr;
			sourceTree = "<group>";
		};
		5995D1812383181F006F6404 /* Model */ = {
			isa = PBXGroup;
			children = (
				5995D173238316F3006F6404 /* Lendr.xcdatamodeld */,
				5995D1822383184C006F6404 /* CoreDataStack.swift */,
				5995D184238318A5006F6404 /* Lendr+Convenience.swift */,
				5995D18623831A4F006F6404 /* UserRepresentation.swift */,
				5995D18823831A9B006F6404 /* ItemRepresentation.swift */,
				5914705D2384A02600004A18 /* Bearer.swift */,
				595D60622386F8AE00D8A61B /* SignUpUser.swift */,
				595D60642386FA5E00D8A61B /* SignInResponse.swift */,
				595D606623871A7D00D8A61B /* UserDetails.swift */,
			);
			path = Model;
			sourceTree = "<group>";
		};
		E97C60F82384B00D00232701 /* View Controllers */ = {
			isa = PBXGroup;
			children = (
				E9C068B423862C4A00AD8E33 /* UserInventoryViewController.swift */,
				E9C068BA2387950700AD8E33 /* ItemTableViewCell.swift */,
				E9D8082523860E1400754F70 /* ItemDetailViewController.swift */,
				E9C068B623863EC700AD8E33 /* CreateItemViewController.swift */,
			);
			path = "View Controllers";
			sourceTree = "<group>";
		};
/* End PBXGroup section */

/* Begin PBXNativeTarget section */
		598069A3238383F70014493C /* LendrTests */ = {
			isa = PBXNativeTarget;
			buildConfigurationList = 598069AB238383F70014493C /* Build configuration list for PBXNativeTarget "LendrTests" */;
			buildPhases = (
				598069A0238383F70014493C /* Sources */,
				598069A1238383F70014493C /* Frameworks */,
				598069A2238383F70014493C /* Resources */,
			);
			buildRules = (
			);
			dependencies = (
				598069AA238383F70014493C /* PBXTargetDependency */,
			);
			name = LendrTests;
			productName = LendrTests;
			productReference = 598069A4238383F70014493C /* LendrTests.xctest */;
			productType = "com.apple.product-type.bundle.unit-test";
		};
		5995D166238316F3006F6404 /* Lendr */ = {
			isa = PBXNativeTarget;
			buildConfigurationList = 5995D17E238316F6006F6404 /* Build configuration list for PBXNativeTarget "Lendr" */;
			buildPhases = (
				5995D163238316F3006F6404 /* Sources */,
				5995D164238316F3006F6404 /* Frameworks */,
				5995D165238316F3006F6404 /* Resources */,
				595D60682387634A00D8A61B /* ShellScript */,
			);
			buildRules = (
			);
			dependencies = (
			);
			name = Lendr;
			productName = Lendr;
			productReference = 5995D167238316F3006F6404 /* Lendr.app */;
			productType = "com.apple.product-type.application";
		};
/* End PBXNativeTarget section */

/* Begin PBXProject section */
		5995D15F238316F3006F6404 /* Project object */ = {
			isa = PBXProject;
			attributes = {
				LastSwiftUpdateCheck = 1120;
				LastUpgradeCheck = 1120;
				ORGANIZATIONNAME = "Lambda School";
				TargetAttributes = {
					598069A3238383F70014493C = {
						CreatedOnToolsVersion = 11.2.1;
						TestTargetID = 5995D166238316F3006F6404;
					};
					5995D166238316F3006F6404 = {
						CreatedOnToolsVersion = 11.2.1;
					};
				};
			};
			buildConfigurationList = 5995D162238316F3006F6404 /* Build configuration list for PBXProject "Lendr" */;
			compatibilityVersion = "Xcode 9.3";
			developmentRegion = en;
			hasScannedForEncodings = 0;
			knownRegions = (
				en,
				Base,
			);
			mainGroup = 5995D15E238316F3006F6404;
			productRefGroup = 5995D168238316F3006F6404 /* Products */;
			projectDirPath = "";
			projectRoot = "";
			targets = (
				5995D166238316F3006F6404 /* Lendr */,
				598069A3238383F70014493C /* LendrTests */,
			);
		};
/* End PBXProject section */

/* Begin PBXResourcesBuildPhase section */
		598069A2238383F70014493C /* Resources */ = {
			isa = PBXResourcesBuildPhase;
			buildActionMask = 2147483647;
			files = (
			);
			runOnlyForDeploymentPostprocessing = 0;
		};
		5995D165238316F3006F6404 /* Resources */ = {
			isa = PBXResourcesBuildPhase;
			buildActionMask = 2147483647;
			files = (
				5995D17A238316F6006F6404 /* LaunchScreen.storyboard in Resources */,
				5995D177238316F6006F6404 /* Assets.xcassets in Resources */,
				5995D172238316F3006F6404 /* Main.storyboard in Resources */,
			);
			runOnlyForDeploymentPostprocessing = 0;
		};
/* End PBXResourcesBuildPhase section */

/* Begin PBXShellScriptBuildPhase section */
		595D60682387634A00D8A61B /* ShellScript */ = {
			isa = PBXShellScriptBuildPhase;
			buildActionMask = 2147483647;
			files = (
			);
			inputFileListPaths = (
			);
			inputPaths = (
			);
			outputFileListPaths = (
			);
			outputPaths = (
			);
			runOnlyForDeploymentPostprocessing = 0;
			shellPath = /bin/sh;
			shellScript = "# Type a script or drag a script file from your workspace to insert its path.\nif which swiftlint >/dev/null; then\n  swiftlint\nelse\n  echo \"warning: SwiftLint not installed, download from https://github.com/realm/SwiftLint\"\nfi\n";
		};
/* End PBXShellScriptBuildPhase section */

/* Begin PBXSourcesBuildPhase section */
		598069A0238383F70014493C /* Sources */ = {
			isa = PBXSourcesBuildPhase;
			buildActionMask = 2147483647;
			files = (
				598069AF2383845E0014493C /* NetworkingControllerTests.swift in Sources */,
				598069B1238384A00014493C /* MockLoader.swift in Sources */,
				5914705C238467A700004A18 /* ItemControllerTests.swift in Sources */,
				598069B3238384FF0014493C /* TestJSON.swift in Sources */,
			);
			runOnlyForDeploymentPostprocessing = 0;
		};
		5995D163238316F3006F6404 /* Sources */ = {
			isa = PBXSourcesBuildPhase;
			buildActionMask = 2147483647;
			files = (
				595D60632386F8AE00D8A61B /* SignUpUser.swift in Sources */,
				5980699A23835E770014493C /* NetworkingController.swift in Sources */,
				5980699F23835FBE0014493C /* URLSession+NetworkDataLoader.swift in Sources */,
				5995D185238318A5006F6404 /* Lendr+Convenience.swift in Sources */,
				5995D18923831A9B006F6404 /* ItemRepresentation.swift in Sources */,
				E9D8082623860E1400754F70 /* ItemDetailViewController.swift in Sources */,
				5914705E2384A02600004A18 /* Bearer.swift in Sources */,
				598069982383529E0014493C /* UserController.swift in Sources */,
				595D60652386FA5E00D8A61B /* SignInResponse.swift in Sources */,
				5995D18723831A4F006F6404 /* UserRepresentation.swift in Sources */,
				E9C068B523862C4A00AD8E33 /* UserInventoryViewController.swift in Sources */,
				595D606723871A7E00D8A61B /* UserDetails.swift in Sources */,
				E9C068BB2387950700AD8E33 /* ItemTableViewCell.swift in Sources */,
				5980699D23835F6F0014493C /* NetworkDataLoader.swift in Sources */,
				5995D16B238316F3006F6404 /* AppDelegate.swift in Sources */,
				5995D16D238316F3006F6404 /* SceneDelegate.swift in Sources */,
				5995D175238316F3006F6404 /* Lendr.xcdatamodeld in Sources */,
				E9C068B723863EC700AD8E33 /* CreateItemViewController.swift in Sources */,
				5914705A23845E7100004A18 /* ItemController.swift in Sources */,
				5995D1832383184C006F6404 /* CoreDataStack.swift in Sources */,
			);
			runOnlyForDeploymentPostprocessing = 0;
		};
/* End PBXSourcesBuildPhase section */

/* Begin PBXTargetDependency section */
		598069AA238383F70014493C /* PBXTargetDependency */ = {
			isa = PBXTargetDependency;
			target = 5995D166238316F3006F6404 /* Lendr */;
			targetProxy = 598069A9238383F70014493C /* PBXContainerItemProxy */;
		};
/* End PBXTargetDependency section */

/* Begin PBXVariantGroup section */
		5995D170238316F3006F6404 /* Main.storyboard */ = {
			isa = PBXVariantGroup;
			children = (
				5995D171238316F3006F6404 /* Base */,
			);
			name = Main.storyboard;
			sourceTree = "<group>";
		};
		5995D178238316F6006F6404 /* LaunchScreen.storyboard */ = {
			isa = PBXVariantGroup;
			children = (
				5995D179238316F6006F6404 /* Base */,
			);
			name = LaunchScreen.storyboard;
			sourceTree = "<group>";
		};
/* End PBXVariantGroup section */

/* Begin XCBuildConfiguration section */
		598069AC238383F70014493C /* Debug */ = {
			isa = XCBuildConfiguration;
			buildSettings = {
				BUNDLE_LOADER = "$(TEST_HOST)";
				CODE_SIGN_STYLE = Automatic;
				INFOPLIST_FILE = LendrTests/Info.plist;
				LD_RUNPATH_SEARCH_PATHS = (
					"$(inherited)",
					"@executable_path/Frameworks",
					"@loader_path/Frameworks",
				);
				PRODUCT_BUNDLE_IDENTIFIER = com.lambdaschool.LendrTests;
				PRODUCT_NAME = "$(TARGET_NAME)";
				SWIFT_VERSION = 5.0;
				TARGETED_DEVICE_FAMILY = "1,2";
				TEST_HOST = "$(BUILT_PRODUCTS_DIR)/Lendr.app/Lendr";
			};
			name = Debug;
		};
		598069AD238383F70014493C /* Release */ = {
			isa = XCBuildConfiguration;
			buildSettings = {
				BUNDLE_LOADER = "$(TEST_HOST)";
				CODE_SIGN_STYLE = Automatic;
				INFOPLIST_FILE = LendrTests/Info.plist;
				LD_RUNPATH_SEARCH_PATHS = (
					"$(inherited)",
					"@executable_path/Frameworks",
					"@loader_path/Frameworks",
				);
				PRODUCT_BUNDLE_IDENTIFIER = com.lambdaschool.LendrTests;
				PRODUCT_NAME = "$(TARGET_NAME)";
				SWIFT_VERSION = 5.0;
				TARGETED_DEVICE_FAMILY = "1,2";
				TEST_HOST = "$(BUILT_PRODUCTS_DIR)/Lendr.app/Lendr";
			};
			name = Release;
		};
		5995D17C238316F6006F6404 /* Debug */ = {
			isa = XCBuildConfiguration;
			buildSettings = {
				ALWAYS_SEARCH_USER_PATHS = NO;
				CLANG_ANALYZER_NONNULL = YES;
				CLANG_ANALYZER_NUMBER_OBJECT_CONVERSION = YES_AGGRESSIVE;
				CLANG_CXX_LANGUAGE_STANDARD = "gnu++14";
				CLANG_CXX_LIBRARY = "libc++";
				CLANG_ENABLE_MODULES = YES;
				CLANG_ENABLE_OBJC_ARC = YES;
				CLANG_ENABLE_OBJC_WEAK = YES;
				CLANG_WARN_BLOCK_CAPTURE_AUTORELEASING = YES;
				CLANG_WARN_BOOL_CONVERSION = YES;
				CLANG_WARN_COMMA = YES;
				CLANG_WARN_CONSTANT_CONVERSION = YES;
				CLANG_WARN_DEPRECATED_OBJC_IMPLEMENTATIONS = YES;
				CLANG_WARN_DIRECT_OBJC_ISA_USAGE = YES_ERROR;
				CLANG_WARN_DOCUMENTATION_COMMENTS = YES;
				CLANG_WARN_EMPTY_BODY = YES;
				CLANG_WARN_ENUM_CONVERSION = YES;
				CLANG_WARN_INFINITE_RECURSION = YES;
				CLANG_WARN_INT_CONVERSION = YES;
				CLANG_WARN_NON_LITERAL_NULL_CONVERSION = YES;
				CLANG_WARN_OBJC_IMPLICIT_RETAIN_SELF = YES;
				CLANG_WARN_OBJC_LITERAL_CONVERSION = YES;
				CLANG_WARN_OBJC_ROOT_CLASS = YES_ERROR;
				CLANG_WARN_RANGE_LOOP_ANALYSIS = YES;
				CLANG_WARN_STRICT_PROTOTYPES = YES;
				CLANG_WARN_SUSPICIOUS_MOVE = YES;
				CLANG_WARN_UNGUARDED_AVAILABILITY = YES_AGGRESSIVE;
				CLANG_WARN_UNREACHABLE_CODE = YES;
				CLANG_WARN__DUPLICATE_METHOD_MATCH = YES;
				COPY_PHASE_STRIP = NO;
				DEBUG_INFORMATION_FORMAT = dwarf;
				ENABLE_STRICT_OBJC_MSGSEND = YES;
				ENABLE_TESTABILITY = YES;
				GCC_C_LANGUAGE_STANDARD = gnu11;
				GCC_DYNAMIC_NO_PIC = NO;
				GCC_NO_COMMON_BLOCKS = YES;
				GCC_OPTIMIZATION_LEVEL = 0;
				GCC_PREPROCESSOR_DEFINITIONS = (
					"DEBUG=1",
					"$(inherited)",
				);
				GCC_WARN_64_TO_32_BIT_CONVERSION = YES;
				GCC_WARN_ABOUT_RETURN_TYPE = YES_ERROR;
				GCC_WARN_UNDECLARED_SELECTOR = YES;
				GCC_WARN_UNINITIALIZED_AUTOS = YES_AGGRESSIVE;
				GCC_WARN_UNUSED_FUNCTION = YES;
				GCC_WARN_UNUSED_VARIABLE = YES;
				IPHONEOS_DEPLOYMENT_TARGET = 13.2;
				MTL_ENABLE_DEBUG_INFO = INCLUDE_SOURCE;
				MTL_FAST_MATH = YES;
				ONLY_ACTIVE_ARCH = YES;
				SDKROOT = iphoneos;
				SWIFT_ACTIVE_COMPILATION_CONDITIONS = DEBUG;
				SWIFT_OPTIMIZATION_LEVEL = "-Onone";
			};
			name = Debug;
		};
		5995D17D238316F6006F6404 /* Release */ = {
			isa = XCBuildConfiguration;
			buildSettings = {
				ALWAYS_SEARCH_USER_PATHS = NO;
				CLANG_ANALYZER_NONNULL = YES;
				CLANG_ANALYZER_NUMBER_OBJECT_CONVERSION = YES_AGGRESSIVE;
				CLANG_CXX_LANGUAGE_STANDARD = "gnu++14";
				CLANG_CXX_LIBRARY = "libc++";
				CLANG_ENABLE_MODULES = YES;
				CLANG_ENABLE_OBJC_ARC = YES;
				CLANG_ENABLE_OBJC_WEAK = YES;
				CLANG_WARN_BLOCK_CAPTURE_AUTORELEASING = YES;
				CLANG_WARN_BOOL_CONVERSION = YES;
				CLANG_WARN_COMMA = YES;
				CLANG_WARN_CONSTANT_CONVERSION = YES;
				CLANG_WARN_DEPRECATED_OBJC_IMPLEMENTATIONS = YES;
				CLANG_WARN_DIRECT_OBJC_ISA_USAGE = YES_ERROR;
				CLANG_WARN_DOCUMENTATION_COMMENTS = YES;
				CLANG_WARN_EMPTY_BODY = YES;
				CLANG_WARN_ENUM_CONVERSION = YES;
				CLANG_WARN_INFINITE_RECURSION = YES;
				CLANG_WARN_INT_CONVERSION = YES;
				CLANG_WARN_NON_LITERAL_NULL_CONVERSION = YES;
				CLANG_WARN_OBJC_IMPLICIT_RETAIN_SELF = YES;
				CLANG_WARN_OBJC_LITERAL_CONVERSION = YES;
				CLANG_WARN_OBJC_ROOT_CLASS = YES_ERROR;
				CLANG_WARN_RANGE_LOOP_ANALYSIS = YES;
				CLANG_WARN_STRICT_PROTOTYPES = YES;
				CLANG_WARN_SUSPICIOUS_MOVE = YES;
				CLANG_WARN_UNGUARDED_AVAILABILITY = YES_AGGRESSIVE;
				CLANG_WARN_UNREACHABLE_CODE = YES;
				CLANG_WARN__DUPLICATE_METHOD_MATCH = YES;
				COPY_PHASE_STRIP = NO;
				DEBUG_INFORMATION_FORMAT = "dwarf-with-dsym";
				ENABLE_NS_ASSERTIONS = NO;
				ENABLE_STRICT_OBJC_MSGSEND = YES;
				GCC_C_LANGUAGE_STANDARD = gnu11;
				GCC_NO_COMMON_BLOCKS = YES;
				GCC_WARN_64_TO_32_BIT_CONVERSION = YES;
				GCC_WARN_ABOUT_RETURN_TYPE = YES_ERROR;
				GCC_WARN_UNDECLARED_SELECTOR = YES;
				GCC_WARN_UNINITIALIZED_AUTOS = YES_AGGRESSIVE;
				GCC_WARN_UNUSED_FUNCTION = YES;
				GCC_WARN_UNUSED_VARIABLE = YES;
				IPHONEOS_DEPLOYMENT_TARGET = 13.2;
				MTL_ENABLE_DEBUG_INFO = NO;
				MTL_FAST_MATH = YES;
				SDKROOT = iphoneos;
				SWIFT_COMPILATION_MODE = wholemodule;
				SWIFT_OPTIMIZATION_LEVEL = "-O";
				VALIDATE_PRODUCT = YES;
			};
			name = Release;
		};
		5995D17F238316F6006F6404 /* Debug */ = {
			isa = XCBuildConfiguration;
			buildSettings = {
				ASSETCATALOG_COMPILER_APPICON_NAME = AppIcon;
				CODE_SIGN_STYLE = Automatic;
				INFOPLIST_FILE = Lendr/Info.plist;
				LD_RUNPATH_SEARCH_PATHS = (
					"$(inherited)",
					"@executable_path/Frameworks",
				);
				PRODUCT_BUNDLE_IDENTIFIER = com.lambdaschool.Lendr;
				PRODUCT_NAME = "$(TARGET_NAME)";
				SWIFT_VERSION = 5.0;
				TARGETED_DEVICE_FAMILY = "1,2";
			};
			name = Debug;
		};
		5995D180238316F6006F6404 /* Release */ = {
			isa = XCBuildConfiguration;
			buildSettings = {
				ASSETCATALOG_COMPILER_APPICON_NAME = AppIcon;
				CODE_SIGN_STYLE = Automatic;
				INFOPLIST_FILE = Lendr/Info.plist;
				LD_RUNPATH_SEARCH_PATHS = (
					"$(inherited)",
					"@executable_path/Frameworks",
				);
				PRODUCT_BUNDLE_IDENTIFIER = com.lambdaschool.Lendr;
				PRODUCT_NAME = "$(TARGET_NAME)";
				SWIFT_VERSION = 5.0;
				TARGETED_DEVICE_FAMILY = "1,2";
			};
			name = Release;
		};
/* End XCBuildConfiguration section */

/* Begin XCConfigurationList section */
		598069AB238383F70014493C /* Build configuration list for PBXNativeTarget "LendrTests" */ = {
			isa = XCConfigurationList;
			buildConfigurations = (
				598069AC238383F70014493C /* Debug */,
				598069AD238383F70014493C /* Release */,
			);
			defaultConfigurationIsVisible = 0;
			defaultConfigurationName = Release;
		};
		5995D162238316F3006F6404 /* Build configuration list for PBXProject "Lendr" */ = {
			isa = XCConfigurationList;
			buildConfigurations = (
				5995D17C238316F6006F6404 /* Debug */,
				5995D17D238316F6006F6404 /* Release */,
			);
			defaultConfigurationIsVisible = 0;
			defaultConfigurationName = Release;
		};
		5995D17E238316F6006F6404 /* Build configuration list for PBXNativeTarget "Lendr" */ = {
			isa = XCConfigurationList;
			buildConfigurations = (
				5995D17F238316F6006F6404 /* Debug */,
				5995D180238316F6006F6404 /* Release */,
			);
			defaultConfigurationIsVisible = 0;
			defaultConfigurationName = Release;
		};
/* End XCConfigurationList section */

/* Begin XCVersionGroup section */
		5995D173238316F3006F6404 /* Lendr.xcdatamodeld */ = {
			isa = XCVersionGroup;
			children = (
				5995D174238316F3006F6404 /* Lendr.xcdatamodel */,
			);
			currentVersion = 5995D174238316F3006F6404 /* Lendr.xcdatamodel */;
			path = Lendr.xcdatamodeld;
			sourceTree = "<group>";
			versionGroupType = wrapper.xcdatamodel;
		};
/* End XCVersionGroup section */
	};
	rootObject = 5995D15F238316F3006F6404 /* Project object */;
}
